
Microsoft Visual Studio Solution File, Format Version 12.00
# Visual Studio Version 17
VisualStudioVersion = 17.14.36221.1
MinimumVisualStudioVersion = 10.0.40219.1
Project("{FAE04EC0-301F-11D3-BF4B-00C04F79EFBC}") = "EmployeeApi", "EmployeeApi\EmployeeApi.csproj", "{336AEF71-2607-4F71-A754-480B028A8A0F}"
EndProject
Project("{FAE04EC0-301F-11D3-BF4B-00C04F79EFBC}") = "EmployeeMvc", "EmployeeMvc\EmployeeMvc.csproj", "{25702396-2D07-4209-B1F7-291B6B7247C0}"
EndProject
Global
	GlobalSection(SolutionConfigurationPlatforms) = preSolution
		Debug|Any CPU = Debug|Any CPU
		Release|Any CPU = Release|Any CPU
	EndGlobalSection
	GlobalSection(ProjectConfigurationPlatforms) = postSolution
		{336AEF71-2607-4F71-A754-480B028A8A0F}.Debug|Any CPU.ActiveCfg = Debug|Any CPU
		{336AEF71-2607-4F71-A754-480B028A8A0F}.Debug|Any CPU.Build.0 = Debug|Any CPU
		{336AEF71-2607-4F71-A754-480B028A8A0F}.Release|Any CPU.ActiveCfg = Release|Any CPU
		{336AEF71-2607-4F71-A754-480B028A8A0F}.Release|Any CPU.Build.0 = Release|Any CPU
		{25702396-2D07-4209-B1F7-291B6B7247C0}.Debug|Any CPU.ActiveCfg = Debug|Any CPU
		{25702396-2D07-4209-B1F7-291B6B7247C0}.Debug|Any CPU.Build.0 = Debug|Any CPU
		{25702396-2D07-4209-B1F7-291B6B7247C0}.Release|Any CPU.ActiveCfg = Release|Any CPU
		{25702396-2D07-4209-B1F7-291B6B7247C0}.Release|Any CPU.Build.0 = Release|Any CPU
	EndGlobalSection
	GlobalSection(SolutionProperties) = preSolution
		HideSolutionNode = FALSE
	EndGlobalSection
	GlobalSection(ExtensibilityGlobals) = postSolution
		SolutionGuid = {1F144E1F-8DAC-4B97-B774-35D8D1B3BABD}
	EndGlobalSection
EndGlobal
